
Microsoft Visual Studio Solution File, Format Version 12.00
# Visual Studio Version 16
VisualStudioVersion = 16.0.30406.217
MinimumVisualStudioVersion = 10.0.40219.1
Project("{9A19103F-16F7-4668-BE54-9A1E7A4F7556}") = "LabPad2", "LabPad2\LabPad2.csproj", "{A0F13E9B-BD4B-4160-8577-2326003A96D2}"
EndProject
Project("{9A19103F-16F7-4668-BE54-9A1E7A4F7556}") = "SharedSettings", "SharedSettings\SharedSettings.csproj", "{EBC72164-DFFA-4F9E-A385-186CD9127B6A}"
EndProject
Project("{FAE04EC0-301F-11D3-BF4B-00C04F79EFBC}") = "Sender", "Sender\Sender.csproj", "{97045032-1DFD-4407-A76C-CA04BB758DA8}"
EndProject
Project("{FAE04EC0-301F-11D3-BF4B-00C04F79EFBC}") = "Client", "Client\Client.csproj", "{C558C365-C21F-42EC-9293-7BD128C13814}"
EndProject
Global
	GlobalSection(SolutionConfigurationPlatforms) = preSolution
		Debug|Any CPU = Debug|Any CPU
		Release|Any CPU = Release|Any CPU
	EndGlobalSection
	GlobalSection(ProjectConfigurationPlatforms) = postSolution
		{A0F13E9B-BD4B-4160-8577-2326003A96D2}.Debug|Any CPU.ActiveCfg = Debug|Any CPU
		{A0F13E9B-BD4B-4160-8577-2326003A96D2}.Debug|Any CPU.Build.0 = Debug|Any CPU
		{A0F13E9B-BD4B-4160-8577-2326003A96D2}.Release|Any CPU.ActiveCfg = Release|Any CPU
		{A0F13E9B-BD4B-4160-8577-2326003A96D2}.Release|Any CPU.Build.0 = Release|Any CPU
		{EBC72164-DFFA-4F9E-A385-186CD9127B6A}.Debug|Any CPU.ActiveCfg = Debug|Any CPU
		{EBC72164-DFFA-4F9E-A385-186CD9127B6A}.Debug|Any CPU.Build.0 = Debug|Any CPU
		{EBC72164-DFFA-4F9E-A385-186CD9127B6A}.Release|Any CPU.ActiveCfg = Release|Any CPU
		{EBC72164-DFFA-4F9E-A385-186CD9127B6A}.Release|Any CPU.Build.0 = Release|Any CPU
		{97045032-1DFD-4407-A76C-CA04BB758DA8}.Debug|Any CPU.ActiveCfg = Debug|Any CPU
		{97045032-1DFD-4407-A76C-CA04BB758DA8}.Debug|Any CPU.Build.0 = Debug|Any CPU
		{97045032-1DFD-4407-A76C-CA04BB758DA8}.Release|Any CPU.ActiveCfg = Release|Any CPU
		{97045032-1DFD-4407-A76C-CA04BB758DA8}.Release|Any CPU.Build.0 = Release|Any CPU
		{C558C365-C21F-42EC-9293-7BD128C13814}.Debug|Any CPU.ActiveCfg = Debug|Any CPU
		{C558C365-C21F-42EC-9293-7BD128C13814}.Debug|Any CPU.Build.0 = Debug|Any CPU
		{C558C365-C21F-42EC-9293-7BD128C13814}.Release|Any CPU.ActiveCfg = Release|Any CPU
		{C558C365-C21F-42EC-9293-7BD128C13814}.Release|Any CPU.Build.0 = Release|Any CPU
	EndGlobalSection
	GlobalSection(SolutionProperties) = preSolution
		HideSolutionNode = FALSE
	EndGlobalSection
	GlobalSection(ExtensibilityGlobals) = postSolution
		SolutionGuid = {86511E2E-9F6E-4C15-A519-BD8012DA6B73}
	EndGlobalSection
EndGlobal
